
Microsoft Visual Studio Solution File, Format Version 12.00
Project("{FAE04EC0-301F-11D3-BF4B-00C04F79EFBC}") = "ViagogoTest", "ViagogoTest\ViagogoTest.csproj", "{1B6503C8-14BC-4A12-B4D8-EAC4C51E005F}"
EndProject
Global
	GlobalSection(SolutionConfigurationPlatforms) = preSolution
		Debug|Any CPU = Debug|Any CPU
		Release|Any CPU = Release|Any CPU
	EndGlobalSection
	GlobalSection(ProjectConfigurationPlatforms) = postSolution
		{1B6503C8-14BC-4A12-B4D8-EAC4C51E005F}.Debug|Any CPU.ActiveCfg = Debug|Any CPU
		{1B6503C8-14BC-4A12-B4D8-EAC4C51E005F}.Debug|Any CPU.Build.0 = Debug|Any CPU
		{1B6503C8-14BC-4A12-B4D8-EAC4C51E005F}.Release|Any CPU.ActiveCfg = Release|Any CPU
		{1B6503C8-14BC-4A12-B4D8-EAC4C51E005F}.Release|Any CPU.Build.0 = Release|Any CPU
	EndGlobalSection
EndGlobal
